
Microsoft Visual Studio Solution File, Format Version 12.00
# Visual Studio 15
VisualStudioVersion = 15.0.28010.2041
MinimumVisualStudioVersion = 10.0.40219.1
Project("{FAE04EC0-301F-11D3-BF4B-00C04F79EFBC}") = "a_RestrictionOperators", "LINQ - Restriction Operators\C#\RestrictionOperators\a_RestrictionOperators.csproj", "{EF74D02F-B99F-470F-B27C-8B83961E9940}"
	ProjectSection(ProjectDependencies) = postProject
		{DB224815-7139-4A09-B3C7-1294E98BA754} = {DB224815-7139-4A09-B3C7-1294E98BA754}
		{82AC891D-339D-4FE4-861D-8B7E628358B5} = {82AC891D-339D-4FE4-861D-8B7E628358B5}
		{DAA8C328-6840-465E-92E5-44D43EA2B251} = {DAA8C328-6840-465E-92E5-44D43EA2B251}
		{FA28275F-E365-466A-848A-9988DEC0DA4E} = {FA28275F-E365-466A-848A-9988DEC0DA4E}
		{D89F1C62-62EE-4CE8-A9F7-5BFE3448F98A} = {D89F1C62-62EE-4CE8-A9F7-5BFE3448F98A}
		{D4751573-75C4-45ED-B29D-7F0AAB4C5ED4} = {D4751573-75C4-45ED-B29D-7F0AAB4C5ED4}
		{05350A97-9D66-40BC-90B5-BCD0DCFE1AAB} = {05350A97-9D66-40BC-90B5-BCD0DCFE1AAB}
		{916425A2-8E7D-47FD-ACB7-6E7947F1290B} = {916425A2-8E7D-47FD-ACB7-6E7947F1290B}
		{8A33C2C3-DAED-4CD3-9A9D-1580C8E44B1E} = {8A33C2C3-DAED-4CD3-9A9D-1580C8E44B1E}
		{448F27C6-9BA0-4BFA-B6AD-39D15F6B4C31} = {448F27C6-9BA0-4BFA-B6AD-39D15F6B4C31}
		{8F9CECCB-AB5E-4D94-8FC2-7E14A9871C51} = {8F9CECCB-AB5E-4D94-8FC2-7E14A9871C51}
		{72FDC6E8-09DD-4C89-B054-F3D3F2CB8B15} = {72FDC6E8-09DD-4C89-B054-F3D3F2CB8B15}
		{DF4D8CF3-90F4-4108-A8D5-73DFB1A57E69} = {DF4D8CF3-90F4-4108-A8D5-73DFB1A57E69}
		{6BB93FFA-C410-4620-A0E0-A1FF88E5838B} = {6BB93FFA-C410-4620-A0E0-A1FF88E5838B}
	EndProjectSection
EndProject
Project("{FAE04EC0-301F-11D3-BF4B-00C04F79EFBC}") = "i_GenerationOperators", "LINQ - Generation Operators\C#\GenerationOperators\i_GenerationOperators.csproj", "{916425A2-8E7D-47FD-ACB7-6E7947F1290B}"
EndProject
Project("{FAE04EC0-301F-11D3-BF4B-00C04F79EFBC}") = "g_ConversionOperators", "LINQ - Conversion Operators\C#\ConversionOperators\g_ConversionOperators.csproj", "{DB224815-7139-4A09-B3C7-1294E98BA754}"
EndProject
Project("{FAE04EC0-301F-11D3-BF4B-00C04F79EFBC}") = "b_ProjectionOperators", "LINQ - Projection Operators\C#\ProjectionOperators\b_ProjectionOperators.csproj", "{72FDC6E8-09DD-4C89-B054-F3D3F2CB8B15}"
EndProject
Project("{FAE04EC0-301F-11D3-BF4B-00C04F79EFBC}") = "d_OrderingOperators", "LINQ - Ordering Operators\C#\OrderingOperators\d_OrderingOperators.csproj", "{05350A97-9D66-40BC-90B5-BCD0DCFE1AAB}"
EndProject
Project("{FAE04EC0-301F-11D3-BF4B-00C04F79EFBC}") = "e_GroupingOperators", "LINQ  - Grouping Operators\C#\GroupingOperators\e_GroupingOperators.csproj", "{82AC891D-339D-4FE4-861D-8B7E628358B5}"
EndProject
Project("{FAE04EC0-301F-11D3-BF4B-00C04F79EFBC}") = "f_SetOperators", "LINQ - Set Operators\C#\SetOperators\f_SetOperators.csproj", "{DAA8C328-6840-465E-92E5-44D43EA2B251}"
EndProject
Project("{FAE04EC0-301F-11D3-BF4B-00C04F79EFBC}") = "h_ElementOperators", "LINQ - Element Operators\C#\ElementOperators\h_ElementOperators.csproj", "{448F27C6-9BA0-4BFA-B6AD-39D15F6B4C31}"
EndProject
Project("{FAE04EC0-301F-11D3-BF4B-00C04F79EFBC}") = "j_Quantifiers", "LINQ - Quantifiers\C#\Quantifiers\j_Quantifiers.csproj", "{D89F1C62-62EE-4CE8-A9F7-5BFE3448F98A}"
EndProject
Project("{FAE04EC0-301F-11D3-BF4B-00C04F79EFBC}") = "k_AggregateOperators", "LINQ - Aggregate Operators\C#\AggregateOperators\k_AggregateOperators.csproj", "{DF4D8CF3-90F4-4108-A8D5-73DFB1A57E69}"
EndProject
Project("{FAE04EC0-301F-11D3-BF4B-00C04F79EFBC}") = "l_MiscellaneousOperators", "LINQ - Miscellaneous Operators\C#\MiscellaneousOperators\l_MiscellaneousOperators.csproj", "{8A33C2C3-DAED-4CD3-9A9D-1580C8E44B1E}"
EndProject
Project("{FAE04EC0-301F-11D3-BF4B-00C04F79EFBC}") = "m_CustomSequenceOperators", "LINQ - Custom Sequence Operators\C#\CustomSequenceOperators\m_CustomSequenceOperators.csproj", "{FA28275F-E365-466A-848A-9988DEC0DA4E}"
EndProject
Project("{FAE04EC0-301F-11D3-BF4B-00C04F79EFBC}") = "n_QueryExecution", "LINQ - Query Execution\C#\QueryExecution\n_QueryExecution.csproj", "{8F9CECCB-AB5E-4D94-8FC2-7E14A9871C51}"
EndProject
Project("{FAE04EC0-301F-11D3-BF4B-00C04F79EFBC}") = "o_JoinOperators", "LINQ - Join Operators\C#\JoinOperators\o_JoinOperators.csproj", "{D4751573-75C4-45ED-B29D-7F0AAB4C5ED4}"
EndProject
Project("{FAE04EC0-301F-11D3-BF4B-00C04F79EFBC}") = "c_PartitioningOperators", "LINQ - Partitioning Operators\C#\PartitioningOperators\c_PartitioningOperators.csproj", "{6BB93FFA-C410-4620-A0E0-A1FF88E5838B}"
EndProject
Project("{FAE04EC0-301F-11D3-BF4B-00C04F79EFBC}") = "p_101 LINQ Samples", "101 LINQ Samples\p_101 LINQ Samples.csproj", "{6B15D81F-9D21-4521-B751-5F8D57D54E71}"
	ProjectSection(ProjectDependencies) = postProject
		{69011370-3F14-4D1D-B1DE-C5F89999594F} = {69011370-3F14-4D1D-B1DE-C5F89999594F}
	EndProjectSection
EndProject
Project("{2150E333-8FDC-42A3-9474-1A3956D46DE8}") = "101 Linq Samples", "101 Linq Samples", "{0CC17F6E-9260-4679-9269-E6A52580B21B}"
EndProject
Project("{2150E333-8FDC-42A3-9474-1A3956D46DE8}") = "101 Linq Samples Common", "101 Linq Samples Common", "{DA852850-E6C2-4CDC-BE1F-C6EA1FD37A0A}"
EndProject
Project("{FAE04EC0-301F-11D3-BF4B-00C04F79EFBC}") = "LinqSamplesCommon", "LinqSamplesCommon\LinqSamplesCommon.csproj", "{69011370-3F14-4D1D-B1DE-C5F89999594F}"
EndProject
Global
	GlobalSection(SolutionConfigurationPlatforms) = preSolution
		Debug|Any CPU = Debug|Any CPU
		Debug|x86 = Debug|x86
		Release|Any CPU = Release|Any CPU
		Release|x86 = Release|x86
	EndGlobalSection
	GlobalSection(ProjectConfigurationPlatforms) = postSolution
		{EF74D02F-B99F-470F-B27C-8B83961E9940}.Debug|Any CPU.ActiveCfg = Debug|x86
		{EF74D02F-B99F-470F-B27C-8B83961E9940}.Debug|x86.ActiveCfg = Debug|x86
		{EF74D02F-B99F-470F-B27C-8B83961E9940}.Debug|x86.Build.0 = Debug|x86
		{EF74D02F-B99F-470F-B27C-8B83961E9940}.Release|Any CPU.ActiveCfg = Release|x86
		{EF74D02F-B99F-470F-B27C-8B83961E9940}.Release|x86.ActiveCfg = Release|x86
		{EF74D02F-B99F-470F-B27C-8B83961E9940}.Release|x86.Build.0 = Release|x86
		{916425A2-8E7D-47FD-ACB7-6E7947F1290B}.Debug|Any CPU.ActiveCfg = Debug|x86
		{916425A2-8E7D-47FD-ACB7-6E7947F1290B}.Debug|x86.ActiveCfg = Debug|x86
		{916425A2-8E7D-47FD-ACB7-6E7947F1290B}.Debug|x86.Build.0 = Debug|x86
		{916425A2-8E7D-47FD-ACB7-6E7947F1290B}.Release|Any CPU.ActiveCfg = Release|x86
		{916425A2-8E7D-47FD-ACB7-6E7947F1290B}.Release|x86.ActiveCfg = Release|x86
		{916425A2-8E7D-47FD-ACB7-6E7947F1290B}.Release|x86.Build.0 = Release|x86
		{DB224815-7139-4A09-B3C7-1294E98BA754}.Debug|Any CPU.ActiveCfg = Debug|x86
		{DB224815-7139-4A09-B3C7-1294E98BA754}.Debug|x86.ActiveCfg = Debug|x86
		{DB224815-7139-4A09-B3C7-1294E98BA754}.Debug|x86.Build.0 = Debug|x86
		{DB224815-7139-4A09-B3C7-1294E98BA754}.Release|Any CPU.ActiveCfg = Release|x86
		{DB224815-7139-4A09-B3C7-1294E98BA754}.Release|x86.ActiveCfg = Release|x86
		{DB224815-7139-4A09-B3C7-1294E98BA754}.Release|x86.Build.0 = Release|x86
		{72FDC6E8-09DD-4C89-B054-F3D3F2CB8B15}.Debug|Any CPU.ActiveCfg = Debug|x86
		{72FDC6E8-09DD-4C89-B054-F3D3F2CB8B15}.Debug|x86.ActiveCfg = Debug|x86
		{72FDC6E8-09DD-4C89-B054-F3D3F2CB8B15}.Debug|x86.Build.0 = Debug|x86
		{72FDC6E8-09DD-4C89-B054-F3D3F2CB8B15}.Release|Any CPU.ActiveCfg = Release|x86
		{72FDC6E8-09DD-4C89-B054-F3D3F2CB8B15}.Release|x86.ActiveCfg = Release|x86
		{72FDC6E8-09DD-4C89-B054-F3D3F2CB8B15}.Release|x86.Build.0 = Release|x86
		{05350A97-9D66-40BC-90B5-BCD0DCFE1AAB}.Debug|Any CPU.ActiveCfg = Debug|x86
		{05350A97-9D66-40BC-90B5-BCD0DCFE1AAB}.Debug|x86.ActiveCfg = Debug|x86
		{05350A97-9D66-40BC-90B5-BCD0DCFE1AAB}.Debug|x86.Build.0 = Debug|x86
		{05350A97-9D66-40BC-90B5-BCD0DCFE1AAB}.Release|Any CPU.ActiveCfg = Release|x86
		{05350A97-9D66-40BC-90B5-BCD0DCFE1AAB}.Release|x86.ActiveCfg = Release|x86
		{05350A97-9D66-40BC-90B5-BCD0DCFE1AAB}.Release|x86.Build.0 = Release|x86
		{82AC891D-339D-4FE4-861D-8B7E628358B5}.Debug|Any CPU.ActiveCfg = Debug|x86
		{82AC891D-339D-4FE4-861D-8B7E628358B5}.Debug|x86.ActiveCfg = Debug|x86
		{82AC891D-339D-4FE4-861D-8B7E628358B5}.Debug|x86.Build.0 = Debug|x86
		{82AC891D-339D-4FE4-861D-8B7E628358B5}.Release|Any CPU.ActiveCfg = Release|x86
		{82AC891D-339D-4FE4-861D-8B7E628358B5}.Release|x86.ActiveCfg = Release|x86
		{82AC891D-339D-4FE4-861D-8B7E628358B5}.Release|x86.Build.0 = Release|x86
		{DAA8C328-6840-465E-92E5-44D43EA2B251}.Debug|Any CPU.ActiveCfg = Debug|x86
		{DAA8C328-6840-465E-92E5-44D43EA2B251}.Debug|x86.ActiveCfg = Debug|x86
		{DAA8C328-6840-465E-92E5-44D43EA2B251}.Debug|x86.Build.0 = Debug|x86
		{DAA8C328-6840-465E-92E5-44D43EA2B251}.Release|Any CPU.ActiveCfg = Release|x86
		{DAA8C328-6840-465E-92E5-44D43EA2B251}.Release|x86.ActiveCfg = Release|x86
		{DAA8C328-6840-465E-92E5-44D43EA2B251}.Release|x86.Build.0 = Release|x86
		{448F27C6-9BA0-4BFA-B6AD-39D15F6B4C31}.Debug|Any CPU.ActiveCfg = Debug|x86
		{448F27C6-9BA0-4BFA-B6AD-39D15F6B4C31}.Debug|x86.ActiveCfg = Debug|x86
		{448F27C6-9BA0-4BFA-B6AD-39D15F6B4C31}.Debug|x86.Build.0 = Debug|x86
		{448F27C6-9BA0-4BFA-B6AD-39D15F6B4C31}.Release|Any CPU.ActiveCfg = Release|x86
		{448F27C6-9BA0-4BFA-B6AD-39D15F6B4C31}.Release|x86.ActiveCfg = Release|x86
		{448F27C6-9BA0-4BFA-B6AD-39D15F6B4C31}.Release|x86.Build.0 = Release|x86
		{D89F1C62-62EE-4CE8-A9F7-5BFE3448F98A}.Debug|Any CPU.ActiveCfg = Debug|x86
		{D89F1C62-62EE-4CE8-A9F7-5BFE3448F98A}.Debug|x86.ActiveCfg = Debug|x86
		{D89F1C62-62EE-4CE8-A9F7-5BFE3448F98A}.Debug|x86.Build.0 = Debug|x86
		{D89F1C62-62EE-4CE8-A9F7-5BFE3448F98A}.Release|Any CPU.ActiveCfg = Release|x86
		{D89F1C62-62EE-4CE8-A9F7-5BFE3448F98A}.Release|x86.ActiveCfg = Release|x86
		{D89F1C62-62EE-4CE8-A9F7-5BFE3448F98A}.Release|x86.Build.0 = Release|x86
		{DF4D8CF3-90F4-4108-A8D5-73DFB1A57E69}.Debug|Any CPU.ActiveCfg = Debug|x86
		{DF4D8CF3-90F4-4108-A8D5-73DFB1A57E69}.Debug|x86.ActiveCfg = Debug|x86
		{DF4D8CF3-90F4-4108-A8D5-73DFB1A57E69}.Debug|x86.Build.0 = Debug|x86
		{DF4D8CF3-90F4-4108-A8D5-73DFB1A57E69}.Release|Any CPU.ActiveCfg = Release|x86
		{DF4D8CF3-90F4-4108-A8D5-73DFB1A57E69}.Release|x86.ActiveCfg = Release|x86
		{DF4D8CF3-90F4-4108-A8D5-73DFB1A57E69}.Release|x86.Build.0 = Release|x86
		{8A33C2C3-DAED-4CD3-9A9D-1580C8E44B1E}.Debug|Any CPU.ActiveCfg = Debug|x86
		{8A33C2C3-DAED-4CD3-9A9D-1580C8E44B1E}.Debug|x86.ActiveCfg = Debug|x86
		{8A33C2C3-DAED-4CD3-9A9D-1580C8E44B1E}.Debug|x86.Build.0 = Debug|x86
		{8A33C2C3-DAED-4CD3-9A9D-1580C8E44B1E}.Release|Any CPU.ActiveCfg = Release|x86
		{8A33C2C3-DAED-4CD3-9A9D-1580C8E44B1E}.Release|x86.ActiveCfg = Release|x86
		{8A33C2C3-DAED-4CD3-9A9D-1580C8E44B1E}.Release|x86.Build.0 = Release|x86
		{FA28275F-E365-466A-848A-9988DEC0DA4E}.Debug|Any CPU.ActiveCfg = Debug|x86
		{FA28275F-E365-466A-848A-9988DEC0DA4E}.Debug|x86.ActiveCfg = Debug|x86
		{FA28275F-E365-466A-848A-9988DEC0DA4E}.Debug|x86.Build.0 = Debug|x86
		{FA28275F-E365-466A-848A-9988DEC0DA4E}.Release|Any CPU.ActiveCfg = Release|x86
		{FA28275F-E365-466A-848A-9988DEC0DA4E}.Release|x86.ActiveCfg = Release|x86
		{FA28275F-E365-466A-848A-9988DEC0DA4E}.Release|x86.Build.0 = Release|x86
		{8F9CECCB-AB5E-4D94-8FC2-7E14A9871C51}.Debug|Any CPU.ActiveCfg = Debug|x86
		{8F9CECCB-AB5E-4D94-8FC2-7E14A9871C51}.Debug|x86.ActiveCfg = Debug|x86
		{8F9CECCB-AB5E-4D94-8FC2-7E14A9871C51}.Debug|x86.Build.0 = Debug|x86
		{8F9CECCB-AB5E-4D94-8FC2-7E14A9871C51}.Release|Any CPU.ActiveCfg = Release|x86
		{8F9CECCB-AB5E-4D94-8FC2-7E14A9871C51}.Release|x86.ActiveCfg = Release|x86
		{8F9CECCB-AB5E-4D94-8FC2-7E14A9871C51}.Release|x86.Build.0 = Release|x86
		{D4751573-75C4-45ED-B29D-7F0AAB4C5ED4}.Debug|Any CPU.ActiveCfg = Debug|x86
		{D4751573-75C4-45ED-B29D-7F0AAB4C5ED4}.Debug|x86.ActiveCfg = Debug|x86
		{D4751573-75C4-45ED-B29D-7F0AAB4C5ED4}.Debug|x86.Build.0 = Debug|x86
		{D4751573-75C4-45ED-B29D-7F0AAB4C5ED4}.Release|Any CPU.ActiveCfg = Release|x86
		{D4751573-75C4-45ED-B29D-7F0AAB4C5ED4}.Release|x86.ActiveCfg = Release|x86
		{D4751573-75C4-45ED-B29D-7F0AAB4C5ED4}.Release|x86.Build.0 = Release|x86
		{6BB93FFA-C410-4620-A0E0-A1FF88E5838B}.Debug|Any CPU.ActiveCfg = Debug|x86
		{6BB93FFA-C410-4620-A0E0-A1FF88E5838B}.Debug|x86.ActiveCfg = Debug|x86
		{6BB93FFA-C410-4620-A0E0-A1FF88E5838B}.Debug|x86.Build.0 = Debug|x86
		{6BB93FFA-C410-4620-A0E0-A1FF88E5838B}.Release|Any CPU.ActiveCfg = Release|x86
		{6BB93FFA-C410-4620-A0E0-A1FF88E5838B}.Release|x86.ActiveCfg = Release|x86
		{6BB93FFA-C410-4620-A0E0-A1FF88E5838B}.Release|x86.Build.0 = Release|x86
		{6B15D81F-9D21-4521-B751-5F8D57D54E71}.Debug|Any CPU.ActiveCfg = Debug|Any CPU
		{6B15D81F-9D21-4521-B751-5F8D57D54E71}.Debug|Any CPU.Build.0 = Debug|Any CPU
		{6B15D81F-9D21-4521-B751-5F8D57D54E71}.Debug|x86.ActiveCfg = Debug|Any CPU
		{6B15D81F-9D21-4521-B751-5F8D57D54E71}.Debug|x86.Build.0 = Debug|Any CPU
		{6B15D81F-9D21-4521-B751-5F8D57D54E71}.Release|Any CPU.ActiveCfg = Release|Any CPU
		{6B15D81F-9D21-4521-B751-5F8D57D54E71}.Release|Any CPU.Build.0 = Release|Any CPU
		{6B15D81F-9D21-4521-B751-5F8D57D54E71}.Release|x86.ActiveCfg = Release|Any CPU
		{6B15D81F-9D21-4521-B751-5F8D57D54E71}.Release|x86.Build.0 = Release|Any CPU
		{69011370-3F14-4D1D-B1DE-C5F89999594F}.Debug|Any CPU.ActiveCfg = Debug|Any CPU
		{69011370-3F14-4D1D-B1DE-C5F89999594F}.Debug|Any CPU.Build.0 = Debug|Any CPU
		{69011370-3F14-4D1D-B1DE-C5F89999594F}.Debug|x86.ActiveCfg = Debug|Any CPU
		{69011370-3F14-4D1D-B1DE-C5F89999594F}.Debug|x86.Build.0 = Debug|Any CPU
		{69011370-3F14-4D1D-B1DE-C5F89999594F}.Release|Any CPU.ActiveCfg = Release|Any CPU
		{69011370-3F14-4D1D-B1DE-C5F89999594F}.Release|Any CPU.Build.0 = Release|Any CPU
		{69011370-3F14-4D1D-B1DE-C5F89999594F}.Release|x86.ActiveCfg = Release|Any CPU
		{69011370-3F14-4D1D-B1DE-C5F89999594F}.Release|x86.Build.0 = Release|Any CPU
	EndGlobalSection
	GlobalSection(SolutionProperties) = preSolution
		HideSolutionNode = FALSE
	EndGlobalSection
	GlobalSection(NestedProjects) = preSolution
		{EF74D02F-B99F-470F-B27C-8B83961E9940} = {0CC17F6E-9260-4679-9269-E6A52580B21B}
		{916425A2-8E7D-47FD-ACB7-6E7947F1290B} = {0CC17F6E-9260-4679-9269-E6A52580B21B}
		{DB224815-7139-4A09-B3C7-1294E98BA754} = {0CC17F6E-9260-4679-9269-E6A52580B21B}
		{72FDC6E8-09DD-4C89-B054-F3D3F2CB8B15} = {0CC17F6E-9260-4679-9269-E6A52580B21B}
		{05350A97-9D66-40BC-90B5-BCD0DCFE1AAB} = {0CC17F6E-9260-4679-9269-E6A52580B21B}
		{82AC891D-339D-4FE4-861D-8B7E628358B5} = {0CC17F6E-9260-4679-9269-E6A52580B21B}
		{DAA8C328-6840-465E-92E5-44D43EA2B251} = {0CC17F6E-9260-4679-9269-E6A52580B21B}
		{448F27C6-9BA0-4BFA-B6AD-39D15F6B4C31} = {0CC17F6E-9260-4679-9269-E6A52580B21B}
		{D89F1C62-62EE-4CE8-A9F7-5BFE3448F98A} = {0CC17F6E-9260-4679-9269-E6A52580B21B}
		{DF4D8CF3-90F4-4108-A8D5-73DFB1A57E69} = {0CC17F6E-9260-4679-9269-E6A52580B21B}
		{8A33C2C3-DAED-4CD3-9A9D-1580C8E44B1E} = {0CC17F6E-9260-4679-9269-E6A52580B21B}
		{FA28275F-E365-466A-848A-9988DEC0DA4E} = {0CC17F6E-9260-4679-9269-E6A52580B21B}
		{8F9CECCB-AB5E-4D94-8FC2-7E14A9871C51} = {0CC17F6E-9260-4679-9269-E6A52580B21B}
		{D4751573-75C4-45ED-B29D-7F0AAB4C5ED4} = {0CC17F6E-9260-4679-9269-E6A52580B21B}
		{6BB93FFA-C410-4620-A0E0-A1FF88E5838B} = {0CC17F6E-9260-4679-9269-E6A52580B21B}
		{69011370-3F14-4D1D-B1DE-C5F89999594F} = {DA852850-E6C2-4CDC-BE1F-C6EA1FD37A0A}
	EndGlobalSection
	GlobalSection(ExtensibilityGlobals) = postSolution
		SolutionGuid = {851124C9-3A5F-4D41-94A1-EECCD0115BFD}
	EndGlobalSection
EndGlobal
